
Microsoft Visual Studio Solution File, Format Version 12.00
# Visual Studio Version 17
VisualStudioVersion = 17.11.35222.181
MinimumVisualStudioVersion = 10.0.40219.1
Project("{FAE04EC0-301F-11D3-BF4B-00C04F79EFBC}") = "Employers", "Employers\Employers.csproj", "{9AF4E698-4B92-4960-92C8-D7040FB3ABD5}"
EndProject
Global
	GlobalSection(SolutionConfigurationPlatforms) = preSolution
		Debug|Any CPU = Debug|Any CPU
		Release|Any CPU = Release|Any CPU
	EndGlobalSection
	GlobalSection(ProjectConfigurationPlatforms) = postSolution
		{9AF4E698-4B92-4960-92C8-D7040FB3ABD5}.Debug|Any CPU.ActiveCfg = Debug|Any CPU
		{9AF4E698-4B92-4960-92C8-D7040FB3ABD5}.Debug|Any CPU.Build.0 = Debug|Any CPU
		{9AF4E698-4B92-4960-92C8-D7040FB3ABD5}.Release|Any CPU.ActiveCfg = Release|Any CPU
		{9AF4E698-4B92-4960-92C8-D7040FB3ABD5}.Release|Any CPU.Build.0 = Release|Any CPU
	EndGlobalSection
	GlobalSection(SolutionProperties) = preSolution
		HideSolutionNode = FALSE
	EndGlobalSection
	GlobalSection(ExtensibilityGlobals) = postSolution
		SolutionGuid = {AF55121E-C2F8-497A-BCED-95E09CE3D388}
	EndGlobalSection
EndGlobal
